
Microsoft Visual Studio Solution File, Format Version 12.00
Project("{FAE04EC0-301F-11D3-BF4B-00C04F79EFBC}") = "MyBook.WebApi", "MyBook.WebApi\MyBook.WebApi.csproj", "{D3F0AE15-AE55-4C6B-ABB5-625672E31684}"
EndProject
Project("{FAE04EC0-301F-11D3-BF4B-00C04F79EFBC}") = "MyBook.Entity", "MyBook.Entity\MyBook.Entity.csproj", "{6AC2C182-4EA0-4CE2-80C7-524215B8C75D}"
EndProject
Project("{FAE04EC0-301F-11D3-BF4B-00C04F79EFBC}") = "MyBook.DataAccess", "MyBook.DataAccess\MyBook.DataAccess.csproj", "{C5C0C823-1791-4225-8C11-DCE628168A7C}"
EndProject
Project("{F2A71F9B-5D33-465A-A702-920D77279786}") = "MyBook.Tests", "MyBook.Tests\MyBook.Tests.fsproj", "{95A4C05A-6174-4A8E-87C1-D5A53D31E15C}"
EndProject
Global
	GlobalSection(SolutionConfigurationPlatforms) = preSolution
		Debug|Any CPU = Debug|Any CPU
		Release|Any CPU = Release|Any CPU
	EndGlobalSection
	GlobalSection(ProjectConfigurationPlatforms) = postSolution
		{D3F0AE15-AE55-4C6B-ABB5-625672E31684}.Debug|Any CPU.ActiveCfg = Debug|Any CPU
		{D3F0AE15-AE55-4C6B-ABB5-625672E31684}.Debug|Any CPU.Build.0 = Debug|Any CPU
		{D3F0AE15-AE55-4C6B-ABB5-625672E31684}.Release|Any CPU.ActiveCfg = Release|Any CPU
		{D3F0AE15-AE55-4C6B-ABB5-625672E31684}.Release|Any CPU.Build.0 = Release|Any CPU
		{6AC2C182-4EA0-4CE2-80C7-524215B8C75D}.Debug|Any CPU.ActiveCfg = Debug|Any CPU
		{6AC2C182-4EA0-4CE2-80C7-524215B8C75D}.Debug|Any CPU.Build.0 = Debug|Any CPU
		{6AC2C182-4EA0-4CE2-80C7-524215B8C75D}.Release|Any CPU.ActiveCfg = Release|Any CPU
		{6AC2C182-4EA0-4CE2-80C7-524215B8C75D}.Release|Any CPU.Build.0 = Release|Any CPU
		{C5C0C823-1791-4225-8C11-DCE628168A7C}.Debug|Any CPU.ActiveCfg = Debug|Any CPU
		{C5C0C823-1791-4225-8C11-DCE628168A7C}.Debug|Any CPU.Build.0 = Debug|Any CPU
		{C5C0C823-1791-4225-8C11-DCE628168A7C}.Release|Any CPU.ActiveCfg = Release|Any CPU
		{C5C0C823-1791-4225-8C11-DCE628168A7C}.Release|Any CPU.Build.0 = Release|Any CPU
		{95A4C05A-6174-4A8E-87C1-D5A53D31E15C}.Debug|Any CPU.ActiveCfg = Debug|Any CPU
		{95A4C05A-6174-4A8E-87C1-D5A53D31E15C}.Debug|Any CPU.Build.0 = Debug|Any CPU
		{95A4C05A-6174-4A8E-87C1-D5A53D31E15C}.Release|Any CPU.ActiveCfg = Release|Any CPU
		{95A4C05A-6174-4A8E-87C1-D5A53D31E15C}.Release|Any CPU.Build.0 = Release|Any CPU
	EndGlobalSection
EndGlobal
